// !$*UTF8*$!
{
	archiveVersion = 1;
	classes = {
	};
	objectVersion = 55;
	objects = {

/* Begin PBXBuildFile section */
		2A3977CD7E906F45E62D70AF /* Pods_YoutubeTask.framework in Frameworks */ = {isa = PBXBuildFile; fileRef = 17489B15138C9F2163E14C10 /* Pods_YoutubeTask.framework */; };
		603B28AE2858F15800ADE45D /* ttew.png in Resources */ = {isa = PBXBuildFile; fileRef = 603B28AD2858F15800ADE45D /* ttew.png */; };
		603B28B12858F71600ADE45D /* FirstPlaylist.swift in Sources */ = {isa = PBXBuildFile; fileRef = 603B28B02858F71600ADE45D /* FirstPlaylist.swift */; };
		603B28B42858F92000ADE45D /* SecondPlaylist.swift in Sources */ = {isa = PBXBuildFile; fileRef = 603B28B32858F92000ADE45D /* SecondPlaylist.swift */; };
		603E46A8285BBD3500563C0E /* YoutubeChannelsModel.swift in Sources */ = {isa = PBXBuildFile; fileRef = 603E46A7285BBD3500563C0E /* YoutubeChannelsModel.swift */; };
		605C6098285B404A004DA484 /* YoutubeVideoModel.swift in Sources */ = {isa = PBXBuildFile; fileRef = 605C6097285B404A004DA484 /* YoutubeVideoModel.swift */; };
		605C609A285B42EA004DA484 /* FirstCellModel.swift in Sources */ = {isa = PBXBuildFile; fileRef = 605C6099285B42EA004DA484 /* FirstCellModel.swift */; };
		60A00A5C285904AB00B43FFA /* UIColor+Extension.swift in Sources */ = {isa = PBXBuildFile; fileRef = 60A00A5B285904AB00B43FFA /* UIColor+Extension.swift */; };
		60A00A5E28590BEA00B43FFA /* FirstPlayerCollectionCell.swift in Sources */ = {isa = PBXBuildFile; fileRef = 60A00A5D28590BEA00B43FFA /* FirstPlayerCollectionCell.swift */; };
		60B2D6E128589DDE000A9D43 /* AppDelegate.swift in Sources */ = {isa = PBXBuildFile; fileRef = 60B2D6E028589DDE000A9D43 /* AppDelegate.swift */; };
		60B2D6E328589DDE000A9D43 /* SceneDelegate.swift in Sources */ = {isa = PBXBuildFile; fileRef = 60B2D6E228589DDE000A9D43 /* SceneDelegate.swift */; };
		60B2D6E528589DDE000A9D43 /* MainViewController.swift in Sources */ = {isa = PBXBuildFile; fileRef = 60B2D6E428589DDE000A9D43 /* MainViewController.swift */; };
		60B2D6E828589DDE000A9D43 /* Main.storyboard in Resources */ = {isa = PBXBuildFile; fileRef = 60B2D6E628589DDE000A9D43 /* Main.storyboard */; };
		60B2D6EA28589DE0000A9D43 /* Assets.xcassets in Resources */ = {isa = PBXBuildFile; fileRef = 60B2D6E928589DE0000A9D43 /* Assets.xcassets */; };
		60B2D6ED28589DE0000A9D43 /* LaunchScreen.storyboard in Resources */ = {isa = PBXBuildFile; fileRef = 60B2D6EB28589DE0000A9D43 /* LaunchScreen.storyboard */; };
		60B2D6FE2858B384000A9D43 /* HeaderTableView.swift in Sources */ = {isa = PBXBuildFile; fileRef = 60B2D6FD2858B384000A9D43 /* HeaderTableView.swift */; };
		60B2D7012858EBA0000A9D43 /* CarouselCollectionViewCell.swift in Sources */ = {isa = PBXBuildFile; fileRef = 60B2D7002858EBA0000A9D43 /* CarouselCollectionViewCell.swift */; };
		60B562EB285A14C500215FE0 /* NetworkManager.swift in Sources */ = {isa = PBXBuildFile; fileRef = 60B562EA285A14C500215FE0 /* NetworkManager.swift */; };
		60B562EE285A6B4C00215FE0 /* YoutubePlaylistModel.swift in Sources */ = {isa = PBXBuildFile; fileRef = 60B562ED285A6B4C00215FE0 /* YoutubePlaylistModel.swift */; };
		60B562F2285A7E0800215FE0 /* Configuration.swift in Sources */ = {isa = PBXBuildFile; fileRef = 60B562F1285A7E0800215FE0 /* Configuration.swift */; };
		60B562F5285A818400215FE0 /* MainPresenter.swift in Sources */ = {isa = PBXBuildFile; fileRef = 60B562F4285A818400215FE0 /* MainPresenter.swift */; };
		60ED48DB2859F61900FF0C64 /* SecondPlayerCollectionCell.swift in Sources */ = {isa = PBXBuildFile; fileRef = 60ED48DA2859F61900FF0C64 /* SecondPlayerCollectionCell.swift */; };
		60ED48DE285A024C00FF0C64 /* PlayerViewController.swift in Sources */ = {isa = PBXBuildFile; fileRef = 60ED48DD285A024C00FF0C64 /* PlayerViewController.swift */; };
		60F48B29285B55A500E6DA48 /* PlayerView.swift in Sources */ = {isa = PBXBuildFile; fileRef = 60F48B28285B55A500E6DA48 /* PlayerView.swift */; };
		60F48B2B285B5F8D00E6DA48 /* UIImage+Extension.swift in Sources */ = {isa = PBXBuildFile; fileRef = 60F48B2A285B5F8D00E6DA48 /* UIImage+Extension.swift */; };
/* End PBXBuildFile section */

/* Begin PBXFileReference section */
		17489B15138C9F2163E14C10 /* Pods_YoutubeTask.framework */ = {isa = PBXFileReference; explicitFileType = wrapper.framework; includeInIndex = 0; path = Pods_YoutubeTask.framework; sourceTree = BUILT_PRODUCTS_DIR; };
		285DD0046BA3278E81F038EB /* Pods-YoutubeTask.debug.xcconfig */ = {isa = PBXFileReference; includeInIndex = 1; lastKnownFileType = text.xcconfig; name = "Pods-YoutubeTask.debug.xcconfig"; path = "Target Support Files/Pods-YoutubeTask/Pods-YoutubeTask.debug.xcconfig"; sourceTree = "<group>"; };
		603B28AD2858F15800ADE45D /* ttew.png */ = {isa = PBXFileReference; lastKnownFileType = image.png; path = ttew.png; sourceTree = "<group>"; };
		603B28B02858F71600ADE45D /* FirstPlaylist.swift */ = {isa = PBXFileReference; lastKnownFileType = sourcecode.swift; path = FirstPlaylist.swift; sourceTree = "<group>"; };
		603B28B32858F92000ADE45D /* SecondPlaylist.swift */ = {isa = PBXFileReference; lastKnownFileType = sourcecode.swift; path = SecondPlaylist.swift; sourceTree = "<group>"; };
		603E46A7285BBD3500563C0E /* YoutubeChannelsModel.swift */ = {isa = PBXFileReference; lastKnownFileType = sourcecode.swift; path = YoutubeChannelsModel.swift; sourceTree = "<group>"; };
		605C6097285B404A004DA484 /* YoutubeVideoModel.swift */ = {isa = PBXFileReference; lastKnownFileType = sourcecode.swift; path = YoutubeVideoModel.swift; sourceTree = "<group>"; };
		605C6099285B42EA004DA484 /* FirstCellModel.swift */ = {isa = PBXFileReference; lastKnownFileType = sourcecode.swift; path = FirstCellModel.swift; sourceTree = "<group>"; };
		60A00A5B285904AB00B43FFA /* UIColor+Extension.swift */ = {isa = PBXFileReference; lastKnownFileType = sourcecode.swift; path = "UIColor+Extension.swift"; sourceTree = "<group>"; };
		60A00A5D28590BEA00B43FFA /* FirstPlayerCollectionCell.swift */ = {isa = PBXFileReference; lastKnownFileType = sourcecode.swift; path = FirstPlayerCollectionCell.swift; sourceTree = "<group>"; };
		60B2D6DD28589DDE000A9D43 /* YoutubeTask.app */ = {isa = PBXFileReference; explicitFileType = wrapper.application; includeInIndex = 0; path = YoutubeTask.app; sourceTree = BUILT_PRODUCTS_DIR; };
		60B2D6E028589DDE000A9D43 /* AppDelegate.swift */ = {isa = PBXFileReference; lastKnownFileType = sourcecode.swift; path = AppDelegate.swift; sourceTree = "<group>"; };
		60B2D6E228589DDE000A9D43 /* SceneDelegate.swift */ = {isa = PBXFileReference; lastKnownFileType = sourcecode.swift; path = SceneDelegate.swift; sourceTree = "<group>"; };
		60B2D6E428589DDE000A9D43 /* MainViewController.swift */ = {isa = PBXFileReference; lastKnownFileType = sourcecode.swift; path = MainViewController.swift; sourceTree = "<group>"; };
		60B2D6E728589DDE000A9D43 /* Base */ = {isa = PBXFileReference; lastKnownFileType = file.storyboard; name = Base; path = Base.lproj/Main.storyboard; sourceTree = "<group>"; };
		60B2D6E928589DE0000A9D43 /* Assets.xcassets */ = {isa = PBXFileReference; lastKnownFileType = folder.assetcatalog; path = Assets.xcassets; sourceTree = "<group>"; };
		60B2D6EC28589DE0000A9D43 /* Base */ = {isa = PBXFileReference; lastKnownFileType = file.storyboard; name = Base; path = Base.lproj/LaunchScreen.storyboard; sourceTree = "<group>"; };
		60B2D6EE28589DE0000A9D43 /* Info.plist */ = {isa = PBXFileReference; lastKnownFileType = text.plist.xml; path = Info.plist; sourceTree = "<group>"; };
		60B2D6FD2858B384000A9D43 /* HeaderTableView.swift */ = {isa = PBXFileReference; lastKnownFileType = sourcecode.swift; path = HeaderTableView.swift; sourceTree = "<group>"; };
		60B2D7002858EBA0000A9D43 /* CarouselCollectionViewCell.swift */ = {isa = PBXFileReference; lastKnownFileType = sourcecode.swift; path = CarouselCollectionViewCell.swift; sourceTree = "<group>"; };
		60B562EA285A14C500215FE0 /* NetworkManager.swift */ = {isa = PBXFileReference; lastKnownFileType = sourcecode.swift; path = NetworkManager.swift; sourceTree = "<group>"; };
		60B562ED285A6B4C00215FE0 /* YoutubePlaylistModel.swift */ = {isa = PBXFileReference; lastKnownFileType = sourcecode.swift; path = YoutubePlaylistModel.swift; sourceTree = "<group>"; };
		60B562F1285A7E0800215FE0 /* Configuration.swift */ = {isa = PBXFileReference; lastKnownFileType = sourcecode.swift; path = Configuration.swift; sourceTree = "<group>"; };
		60B562F4285A818400215FE0 /* MainPresenter.swift */ = {isa = PBXFileReference; lastKnownFileType = sourcecode.swift; path = MainPresenter.swift; sourceTree = "<group>"; };
		60ED48DA2859F61900FF0C64 /* SecondPlayerCollectionCell.swift */ = {isa = PBXFileReference; lastKnownFileType = sourcecode.swift; path = SecondPlayerCollectionCell.swift; sourceTree = "<group>"; };
		60ED48DD285A024C00FF0C64 /* PlayerViewController.swift */ = {isa = PBXFileReference; lastKnownFileType = sourcecode.swift; path = PlayerViewController.swift; sourceTree = "<group>"; };
		60F48B28285B55A500E6DA48 /* PlayerView.swift */ = {isa = PBXFileReference; lastKnownFileType = sourcecode.swift; path = PlayerView.swift; sourceTree = "<group>"; };
		60F48B2A285B5F8D00E6DA48 /* UIImage+Extension.swift */ = {isa = PBXFileReference; lastKnownFileType = sourcecode.swift; path = "UIImage+Extension.swift"; sourceTree = "<group>"; };
		A3467581C25B2C6781AEC64E /* Pods-YoutubeTask.release.xcconfig */ = {isa = PBXFileReference; includeInIndex = 1; lastKnownFileType = text.xcconfig; name = "Pods-YoutubeTask.release.xcconfig"; path = "Target Support Files/Pods-YoutubeTask/Pods-YoutubeTask.release.xcconfig"; sourceTree = "<group>"; };
/* End PBXFileReference section */

/* Begin PBXFrameworksBuildPhase section */
		60B2D6DA28589DDE000A9D43 /* Frameworks */ = {
			isa = PBXFrameworksBuildPhase;
			buildActionMask = 2147483647;
			files = (
				2A3977CD7E906F45E62D70AF /* Pods_YoutubeTask.framework in Frameworks */,
			);
			runOnlyForDeploymentPostprocessing = 0;
		};
/* End PBXFrameworksBuildPhase section */

/* Begin PBXGroup section */
		603B28AF2858F6EC00ADE45D /* FirstPlayList */ = {
			isa = PBXGroup;
			children = (
				603B28B02858F71600ADE45D /* FirstPlaylist.swift */,
				60A00A5D28590BEA00B43FFA /* FirstPlayerCollectionCell.swift */,
			);
			path = FirstPlayList;
			sourceTree = "<group>";
		};
		603B28B22858F8F700ADE45D /* SecondPlaylist */ = {
			isa = PBXGroup;
			children = (
				603B28B32858F92000ADE45D /* SecondPlaylist.swift */,
				60ED48DA2859F61900FF0C64 /* SecondPlayerCollectionCell.swift */,
			);
			path = SecondPlaylist;
			sourceTree = "<group>";
		};
		60A00A582859048000B43FFA /* Extension */ = {
			isa = PBXGroup;
			children = (
				60A00A5B285904AB00B43FFA /* UIColor+Extension.swift */,
				60F48B2A285B5F8D00E6DA48 /* UIImage+Extension.swift */,
			);
			path = Extension;
			sourceTree = "<group>";
		};
		60B2D6D428589DDE000A9D43 = {
			isa = PBXGroup;
			children = (
				60B2D6DF28589DDE000A9D43 /* YoutubeTask */,
				60B2D6DE28589DDE000A9D43 /* Products */,
				F7D7363102639E58CF049DEB /* Pods */,
				C2C4F1C9888B8E3A134B53D0 /* Frameworks */,
			);
			sourceTree = "<group>";
		};
		60B2D6DE28589DDE000A9D43 /* Products */ = {
			isa = PBXGroup;
			children = (
				60B2D6DD28589DDE000A9D43 /* YoutubeTask.app */,
			);
			name = Products;
			sourceTree = "<group>";
		};
		60B2D6DF28589DDE000A9D43 /* YoutubeTask */ = {
			isa = PBXGroup;
			children = (
				60B562EC285A154F00215FE0 /* Models */,
				60B562E9285A14B900215FE0 /* Network */,
				60A00A582859048000B43FFA /* Extension */,
				60B2D6F82858B16B000A9D43 /* Modules */,
				60B562F3285A816900215FE0 /* Presenters */,
				60B2D6E028589DDE000A9D43 /* AppDelegate.swift */,
				60B2D6E228589DDE000A9D43 /* SceneDelegate.swift */,
				60B2D6E628589DDE000A9D43 /* Main.storyboard */,
				60B2D6E928589DE0000A9D43 /* Assets.xcassets */,
				603B28AD2858F15800ADE45D /* ttew.png */,
				60B2D6EB28589DE0000A9D43 /* LaunchScreen.storyboard */,
				60B2D6EE28589DE0000A9D43 /* Info.plist */,
			);
			path = YoutubeTask;
			sourceTree = "<group>";
		};
		60B2D6F82858B16B000A9D43 /* Modules */ = {
			isa = PBXGroup;
			children = (
				60B2D6F92858B177000A9D43 /* Main */,
				60ED48DC2859FCBC00FF0C64 /* Player */,
			);
			path = Modules;
			sourceTree = "<group>";
		};
		60B2D6F92858B177000A9D43 /* Main */ = {
			isa = PBXGroup;
			children = (
				60B2D6E428589DDE000A9D43 /* MainViewController.swift */,
				60B2D6FA2858B187000A9D43 /* Cells */,
			);
			path = Main;
			sourceTree = "<group>";
		};
		60B2D6FA2858B187000A9D43 /* Cells */ = {
			isa = PBXGroup;
			children = (
				60B2D6FF2858EB85000A9D43 /* Header */,
				603B28AF2858F6EC00ADE45D /* FirstPlayList */,
				603B28B22858F8F700ADE45D /* SecondPlaylist */,
			);
			path = Cells;
			sourceTree = "<group>";
		};
		60B2D6FF2858EB85000A9D43 /* Header */ = {
			isa = PBXGroup;
			children = (
				60B2D6FD2858B384000A9D43 /* HeaderTableView.swift */,
				60B2D7002858EBA0000A9D43 /* CarouselCollectionViewCell.swift */,
			);
			path = Header;
			sourceTree = "<group>";
		};
		60B562E9285A14B900215FE0 /* Network */ = {
			isa = PBXGroup;
			children = (
				60B562EA285A14C500215FE0 /* NetworkManager.swift */,
				60B562F1285A7E0800215FE0 /* Configuration.swift */,
			);
			path = Network;
			sourceTree = "<group>";
		};
		60B562EC285A154F00215FE0 /* Models */ = {
			isa = PBXGroup;
			children = (
				60B562ED285A6B4C00215FE0 /* YoutubePlaylistModel.swift */,
				605C6097285B404A004DA484 /* YoutubeVideoModel.swift */,
				605C6099285B42EA004DA484 /* FirstCellModel.swift */,
				603E46A7285BBD3500563C0E /* YoutubeChannelsModel.swift */,
			);
			path = Models;
			sourceTree = "<group>";
		};
		60B562F3285A816900215FE0 /* Presenters */ = {
			isa = PBXGroup;
			children = (
				60B562F4285A818400215FE0 /* MainPresenter.swift */,
			);
			path = Presenters;
			sourceTree = "<group>";
		};
		60ED48DC2859FCBC00FF0C64 /* Player */ = {
			isa = PBXGroup;
			children = (
				60ED48DD285A024C00FF0C64 /* PlayerViewController.swift */,
				60F48B28285B55A500E6DA48 /* PlayerView.swift */,
			);
			path = Player;
			sourceTree = "<group>";
		};
		C2C4F1C9888B8E3A134B53D0 /* Frameworks */ = {
			isa = PBXGroup;
			children = (
				17489B15138C9F2163E14C10 /* Pods_YoutubeTask.framework */,
			);
			name = Frameworks;
			sourceTree = "<group>";
		};
		F7D7363102639E58CF049DEB /* Pods */ = {
			isa = PBXGroup;
			children = (
				285DD0046BA3278E81F038EB /* Pods-YoutubeTask.debug.xcconfig */,
				A3467581C25B2C6781AEC64E /* Pods-YoutubeTask.release.xcconfig */,
			);
			path = Pods;
			sourceTree = "<group>";
		};
/* End PBXGroup section */

/* Begin PBXNativeTarget section */
		60B2D6DC28589DDE000A9D43 /* YoutubeTask */ = {
			isa = PBXNativeTarget;
			buildConfigurationList = 60B2D6F128589DE0000A9D43 /* Build configuration list for PBXNativeTarget "YoutubeTask" */;
			buildPhases = (
				6579554A1A5B52CBEBC9C85B /* [CP] Check Pods Manifest.lock */,
				60B2D6D928589DDE000A9D43 /* Sources */,
				60B2D6DA28589DDE000A9D43 /* Frameworks */,
				60B2D6DB28589DDE000A9D43 /* Resources */,
				46D03792984558FC0FA8370D /* [CP] Embed Pods Frameworks */,
			);
			buildRules = (
			);
			dependencies = (
			);
			name = YoutubeTask;
			productName = YoutubeTask;
			productReference = 60B2D6DD28589DDE000A9D43 /* YoutubeTask.app */;
			productType = "com.apple.product-type.application";
		};
/* End PBXNativeTarget section */

/* Begin PBXProject section */
		60B2D6D528589DDE000A9D43 /* Project object */ = {
			isa = PBXProject;
			attributes = {
				BuildIndependentTargetsInParallel = 1;
				LastSwiftUpdateCheck = 1340;
				LastUpgradeCheck = 1340;
				TargetAttributes = {
					60B2D6DC28589DDE000A9D43 = {
						CreatedOnToolsVersion = 13.4.1;
					};
				};
			};
			buildConfigurationList = 60B2D6D828589DDE000A9D43 /* Build configuration list for PBXProject "YoutubeTask" */;
			compatibilityVersion = "Xcode 13.0";
			developmentRegion = en;
			hasScannedForEncodings = 0;
			knownRegions = (
				en,
				Base,
			);
			mainGroup = 60B2D6D428589DDE000A9D43;
			productRefGroup = 60B2D6DE28589DDE000A9D43 /* Products */;
			projectDirPath = "";
			projectRoot = "";
			targets = (
				60B2D6DC28589DDE000A9D43 /* YoutubeTask */,
			);
		};
/* End PBXProject section */

/* Begin PBXResourcesBuildPhase section */
		60B2D6DB28589DDE000A9D43 /* Resources */ = {
			isa = PBXResourcesBuildPhase;
			buildActionMask = 2147483647;
			files = (
				60B2D6ED28589DE0000A9D43 /* LaunchScreen.storyboard in Resources */,
				60B2D6EA28589DE0000A9D43 /* Assets.xcassets in Resources */,
				603B28AE2858F15800ADE45D /* ttew.png in Resources */,
				60B2D6E828589DDE000A9D43 /* Main.storyboard in Resources */,
			);
			runOnlyForDeploymentPostprocessing = 0;
		};
/* End PBXResourcesBuildPhase section */

/* Begin PBXShellScriptBuildPhase section */
		46D03792984558FC0FA8370D /* [CP] Embed Pods Frameworks */ = {
			isa = PBXShellScriptBuildPhase;
			buildActionMask = 2147483647;
			files = (
			);
			inputFileListPaths = (
				"${PODS_ROOT}/Target Support Files/Pods-YoutubeTask/Pods-YoutubeTask-frameworks-${CONFIGURATION}-input-files.xcfilelist",
			);
			name = "[CP] Embed Pods Frameworks";
			outputFileListPaths = (
				"${PODS_ROOT}/Target Support Files/Pods-YoutubeTask/Pods-YoutubeTask-frameworks-${CONFIGURATION}-output-files.xcfilelist",
			);
			runOnlyForDeploymentPostprocessing = 0;
			shellPath = /bin/sh;
			shellScript = "\"${PODS_ROOT}/Target Support Files/Pods-YoutubeTask/Pods-YoutubeTask-frameworks.sh\"\n";
			showEnvVarsInLog = 0;
		};
		6579554A1A5B52CBEBC9C85B /* [CP] Check Pods Manifest.lock */ = {
			isa = PBXShellScriptBuildPhase;
			buildActionMask = 2147483647;
			files = (
			);
			inputFileListPaths = (
			);
			inputPaths = (
				"${PODS_PODFILE_DIR_PATH}/Podfile.lock",
				"${PODS_ROOT}/Manifest.lock",
			);
			name = "[CP] Check Pods Manifest.lock";
			outputFileListPaths = (
			);
			outputPaths = (
				"$(DERIVED_FILE_DIR)/Pods-YoutubeTask-checkManifestLockResult.txt",
			);
			runOnlyForDeploymentPostprocessing = 0;
			shellPath = /bin/sh;
			shellScript = "diff \"${PODS_PODFILE_DIR_PATH}/Podfile.lock\" \"${PODS_ROOT}/Manifest.lock\" > /dev/null\nif [ $? != 0 ] ; then\n    # print error to STDERR\n    echo \"error: The sandbox is not in sync with the Podfile.lock. Run 'pod install' or update your CocoaPods installation.\" >&2\n    exit 1\nfi\n# This output is used by Xcode 'outputs' to avoid re-running this script phase.\necho \"SUCCESS\" > \"${SCRIPT_OUTPUT_FILE_0}\"\n";
			showEnvVarsInLog = 0;
		};
/* End PBXShellScriptBuildPhase section */

/* Begin PBXSourcesBuildPhase section */
		60B2D6D928589DDE000A9D43 /* Sources */ = {
			isa = PBXSourcesBuildPhase;
			buildActionMask = 2147483647;
			files = (
				60B2D7012858EBA0000A9D43 /* CarouselCollectionViewCell.swift in Sources */,
				605C609A285B42EA004DA484 /* FirstCellModel.swift in Sources */,
				60B562F5285A818400215FE0 /* MainPresenter.swift in Sources */,
				60F48B29285B55A500E6DA48 /* PlayerView.swift in Sources */,
				603B28B42858F92000ADE45D /* SecondPlaylist.swift in Sources */,
				60B562EE285A6B4C00215FE0 /* YoutubePlaylistModel.swift in Sources */,
				60ED48DE285A024C00FF0C64 /* PlayerViewController.swift in Sources */,
				60A00A5C285904AB00B43FFA /* UIColor+Extension.swift in Sources */,
				60B562F2285A7E0800215FE0 /* Configuration.swift in Sources */,
				60ED48DB2859F61900FF0C64 /* SecondPlayerCollectionCell.swift in Sources */,
				603B28B12858F71600ADE45D /* FirstPlaylist.swift in Sources */,
				60B2D6E528589DDE000A9D43 /* MainViewController.swift in Sources */,
				60B2D6E128589DDE000A9D43 /* AppDelegate.swift in Sources */,
				60F48B2B285B5F8D00E6DA48 /* UIImage+Extension.swift in Sources */,
				60B562EB285A14C500215FE0 /* NetworkManager.swift in Sources */,
				60B2D6FE2858B384000A9D43 /* HeaderTableView.swift in Sources */,
				605C6098285B404A004DA484 /* YoutubeVideoModel.swift in Sources */,
				60B2D6E328589DDE000A9D43 /* SceneDelegate.swift in Sources */,
				60A00A5E28590BEA00B43FFA /* FirstPlayerCollectionCell.swift in Sources */,
				603E46A8285BBD3500563C0E /* YoutubeChannelsModel.swift in Sources */,
			);
			runOnlyForDeploymentPostprocessing = 0;
		};
/* End PBXSourcesBuildPhase section */

/* Begin PBXVariantGroup section */
		60B2D6E628589DDE000A9D43 /* Main.storyboard */ = {
			isa = PBXVariantGroup;
			children = (
				60B2D6E728589DDE000A9D43 /* Base */,
			);
			name = Main.storyboard;
			sourceTree = "<group>";
		};
		60B2D6EB28589DE0000A9D43 /* LaunchScreen.storyboard */ = {
			isa = PBXVariantGroup;
			children = (
				60B2D6EC28589DE0000A9D43 /* Base */,
			);
			name = LaunchScreen.storyboard;
			sourceTree = "<group>";
		};
/* End PBXVariantGroup section */

/* Begin XCBuildConfiguration section */
		60B2D6EF28589DE0000A9D43 /* Debug */ = {
			isa = XCBuildConfiguration;
			buildSettings = {
				ALWAYS_SEARCH_USER_PATHS = NO;
				CLANG_ANALYZER_NONNULL = YES;
				CLANG_ANALYZER_NUMBER_OBJECT_CONVERSION = YES_AGGRESSIVE;
				CLANG_CXX_LANGUAGE_STANDARD = "gnu++17";
				CLANG_ENABLE_MODULES = YES;
				CLANG_ENABLE_OBJC_ARC = YES;
				CLANG_ENABLE_OBJC_WEAK = YES;
				CLANG_WARN_BLOCK_CAPTURE_AUTORELEASING = YES;
				CLANG_WARN_BOOL_CONVERSION = YES;
				CLANG_WARN_COMMA = YES;
				CLANG_WARN_CONSTANT_CONVERSION = YES;
				CLANG_WARN_DEPRECATED_OBJC_IMPLEMENTATIONS = YES;
				CLANG_WARN_DIRECT_OBJC_ISA_USAGE = YES_ERROR;
				CLANG_WARN_DOCUMENTATION_COMMENTS = YES;
				CLANG_WARN_EMPTY_BODY = YES;
				CLANG_WARN_ENUM_CONVERSION = YES;
				CLANG_WARN_INFINITE_RECURSION = YES;
				CLANG_WARN_INT_CONVERSION = YES;
				CLANG_WARN_NON_LITERAL_NULL_CONVERSION = YES;
				CLANG_WARN_OBJC_IMPLICIT_RETAIN_SELF = YES;
				CLANG_WARN_OBJC_LITERAL_CONVERSION = YES;
				CLANG_WARN_OBJC_ROOT_CLASS = YES_ERROR;
				CLANG_WARN_QUOTED_INCLUDE_IN_FRAMEWORK_HEADER = YES;
				CLANG_WARN_RANGE_LOOP_ANALYSIS = YES;
				CLANG_WARN_STRICT_PROTOTYPES = YES;
				CLANG_WARN_SUSPICIOUS_MOVE = YES;
				CLANG_WARN_UNGUARDED_AVAILABILITY = YES_AGGRESSIVE;
				CLANG_WARN_UNREACHABLE_CODE = YES;
				CLANG_WARN__DUPLICATE_METHOD_MATCH = YES;
				COPY_PHASE_STRIP = NO;
				DEBUG_INFORMATION_FORMAT = dwarf;
				ENABLE_STRICT_OBJC_MSGSEND = YES;
				ENABLE_TESTABILITY = YES;
				GCC_C_LANGUAGE_STANDARD = gnu11;
				GCC_DYNAMIC_NO_PIC = NO;
				GCC_NO_COMMON_BLOCKS = YES;
				GCC_OPTIMIZATION_LEVEL = 0;
				GCC_PREPROCESSOR_DEFINITIONS = (
					"DEBUG=1",
					"$(inherited)",
				);
				GCC_WARN_64_TO_32_BIT_CONVERSION = YES;
				GCC_WARN_ABOUT_RETURN_TYPE = YES_ERROR;
				GCC_WARN_UNDECLARED_SELECTOR = YES;
				GCC_WARN_UNINITIALIZED_AUTOS = YES_AGGRESSIVE;
				GCC_WARN_UNUSED_FUNCTION = YES;
				GCC_WARN_UNUSED_VARIABLE = YES;
				IPHONEOS_DEPLOYMENT_TARGET = 15.5;
				MTL_ENABLE_DEBUG_INFO = INCLUDE_SOURCE;
				MTL_FAST_MATH = YES;
				ONLY_ACTIVE_ARCH = YES;
				SDKROOT = iphoneos;
				SWIFT_ACTIVE_COMPILATION_CONDITIONS = DEBUG;
				SWIFT_OPTIMIZATION_LEVEL = "-Onone";
			};
			name = Debug;
		};
		60B2D6F028589DE0000A9D43 /* Release */ = {
			isa = XCBuildConfiguration;
			buildSettings = {
				ALWAYS_SEARCH_USER_PATHS = NO;
				CLANG_ANALYZER_NONNULL = YES;
				CLANG_ANALYZER_NUMBER_OBJECT_CONVERSION = YES_AGGRESSIVE;
				CLANG_CXX_LANGUAGE_STANDARD = "gnu++17";
				CLANG_ENABLE_MODULES = YES;
				CLANG_ENABLE_OBJC_ARC = YES;
				CLANG_ENABLE_OBJC_WEAK = YES;
				CLANG_WARN_BLOCK_CAPTURE_AUTORELEASING = YES;
				CLANG_WARN_BOOL_CONVERSION = YES;
				CLANG_WARN_COMMA = YES;
				CLANG_WARN_CONSTANT_CONVERSION = YES;
				CLANG_WARN_DEPRECATED_OBJC_IMPLEMENTATIONS = YES;
				CLANG_WARN_DIRECT_OBJC_ISA_USAGE = YES_ERROR;
				CLANG_WARN_DOCUMENTATION_COMMENTS = YES;
				CLANG_WARN_EMPTY_BODY = YES;
				CLANG_WARN_ENUM_CONVERSION = YES;
				CLANG_WARN_INFINITE_RECURSION = YES;
				CLANG_WARN_INT_CONVERSION = YES;
				CLANG_WARN_NON_LITERAL_NULL_CONVERSION = YES;
				CLANG_WARN_OBJC_IMPLICIT_RETAIN_SELF = YES;
				CLANG_WARN_OBJC_LITERAL_CONVERSION = YES;
				CLANG_WARN_OBJC_ROOT_CLASS = YES_ERROR;
				CLANG_WARN_QUOTED_INCLUDE_IN_FRAMEWORK_HEADER = YES;
				CLANG_WARN_RANGE_LOOP_ANALYSIS = YES;
				CLANG_WARN_STRICT_PROTOTYPES = YES;
				CLANG_WARN_SUSPICIOUS_MOVE = YES;
				CLANG_WARN_UNGUARDED_AVAILABILITY = YES_AGGRESSIVE;
				CLANG_WARN_UNREACHABLE_CODE = YES;
				CLANG_WARN__DUPLICATE_METHOD_MATCH = YES;
				COPY_PHASE_STRIP = NO;
				DEBUG_INFORMATION_FORMAT = "dwarf-with-dsym";
				ENABLE_NS_ASSERTIONS = NO;
				ENABLE_STRICT_OBJC_MSGSEND = YES;
				GCC_C_LANGUAGE_STANDARD = gnu11;
				GCC_NO_COMMON_BLOCKS = YES;
				GCC_WARN_64_TO_32_BIT_CONVERSION = YES;
				GCC_WARN_ABOUT_RETURN_TYPE = YES_ERROR;
				GCC_WARN_UNDECLARED_SELECTOR = YES;
				GCC_WARN_UNINITIALIZED_AUTOS = YES_AGGRESSIVE;
				GCC_WARN_UNUSED_FUNCTION = YES;
				GCC_WARN_UNUSED_VARIABLE = YES;
				IPHONEOS_DEPLOYMENT_TARGET = 15.5;
				MTL_ENABLE_DEBUG_INFO = NO;
				MTL_FAST_MATH = YES;
				SDKROOT = iphoneos;
				SWIFT_COMPILATION_MODE = wholemodule;
				SWIFT_OPTIMIZATION_LEVEL = "-O";
				VALIDATE_PRODUCT = YES;
			};
			name = Release;
		};
		60B2D6F228589DE0000A9D43 /* Debug */ = {
			isa = XCBuildConfiguration;
			baseConfigurationReference = 285DD0046BA3278E81F038EB /* Pods-YoutubeTask.debug.xcconfig */;
			buildSettings = {
				API_KEY = AIzaSyAvUBNHFqFgOKKUzN152a1z5bMkxW5wzwc;
				API_YOUTUBE = "https://www.googleapis.com/youtube/v3/";
				ASSETCATALOG_COMPILER_APPICON_NAME = AppIcon;
				ASSETCATALOG_COMPILER_GLOBAL_ACCENT_COLOR_NAME = AccentColor;
				CODE_SIGN_STYLE = Automatic;
				CURRENT_PROJECT_VERSION = 1;
				DEVELOPMENT_TEAM = 876GZYDWFS;
				GENERATE_INFOPLIST_FILE = YES;
				INFOPLIST_FILE = YoutubeTask/Info.plist;
				INFOPLIST_KEY_UIApplicationSupportsIndirectInputEvents = YES;
				INFOPLIST_KEY_UILaunchStoryboardName = LaunchScreen;
				INFOPLIST_KEY_UISupportedInterfaceOrientations_iPad = "UIInterfaceOrientationPortrait UIInterfaceOrientationPortraitUpsideDown UIInterfaceOrientationLandscapeLeft UIInterfaceOrientationLandscapeRight";
				INFOPLIST_KEY_UISupportedInterfaceOrientations_iPhone = "UIInterfaceOrientationPortrait UIInterfaceOrientationLandscapeLeft UIInterfaceOrientationLandscapeRight";
				IPHONEOS_DEPLOYMENT_TARGET = 15.0;
				LD_RUNPATH_SEARCH_PATHS = (
					"$(inherited)",
					"@executable_path/Frameworks",
				);
				MARKETING_VERSION = 1.0;
				PRODUCT_BUNDLE_IDENTIFIER = com.evhenii.mahlena.YoutubeTask;
				PRODUCT_NAME = "$(TARGET_NAME)";
				SWIFT_EMIT_LOC_STRINGS = YES;
				SWIFT_VERSION = 5.0;
				TARGETED_DEVICE_FAMILY = "1,2";
			};
			name = Debug;
		};
		60B2D6F328589DE0000A9D43 /* Release */ = {
			isa = XCBuildConfiguration;
			baseConfigurationReference = A3467581C25B2C6781AEC64E /* Pods-YoutubeTask.release.xcconfig */;
			buildSettings = {
				API_KEY = AIzaSyAvUBNHFqFgOKKUzN152a1z5bMkxW5wzwc;
				API_YOUTUBE = "https://www.googleapis.com/youtube/v3/";
				ASSETCATALOG_COMPILER_APPICON_NAME = AppIcon;
				ASSETCATALOG_COMPILER_GLOBAL_ACCENT_COLOR_NAME = AccentColor;
				CODE_SIGN_STYLE = Automatic;
				CURRENT_PROJECT_VERSION = 1;
				DEVELOPMENT_TEAM = 876GZYDWFS;
				GENERATE_INFOPLIST_FILE = YES;
				INFOPLIST_FILE = YoutubeTask/Info.plist;
				INFOPLIST_KEY_UIApplicationSupportsIndirectInputEvents = YES;
				INFOPLIST_KEY_UILaunchStoryboardName = LaunchScreen;
				INFOPLIST_KEY_UISupportedInterfaceOrientations_iPad = "UIInterfaceOrientationPortrait UIInterfaceOrientationPortraitUpsideDown UIInterfaceOrientationLandscapeLeft UIInterfaceOrientationLandscapeRight";
				INFOPLIST_KEY_UISupportedInterfaceOrientations_iPhone = "UIInterfaceOrientationPortrait UIInterfaceOrientationLandscapeLeft UIInterfaceOrientationLandscapeRight";
				IPHONEOS_DEPLOYMENT_TARGET = 15.0;
				LD_RUNPATH_SEARCH_PATHS = (
					"$(inherited)",
					"@executable_path/Frameworks",
				);
				MARKETING_VERSION = 1.0;
				PRODUCT_BUNDLE_IDENTIFIER = com.evhenii.mahlena.YoutubeTask;
				PRODUCT_NAME = "$(TARGET_NAME)";
				SWIFT_EMIT_LOC_STRINGS = YES;
				SWIFT_VERSION = 5.0;
				TARGETED_DEVICE_FAMILY = "1,2";
			};
			name = Release;
		};
/* End XCBuildConfiguration section */

/* Begin XCConfigurationList section */
		60B2D6D828589DDE000A9D43 /* Build configuration list for PBXProject "YoutubeTask" */ = {
			isa = XCConfigurationList;
			buildConfigurations = (
				60B2D6EF28589DE0000A9D43 /* Debug */,
				60B2D6F028589DE0000A9D43 /* Release */,
			);
			defaultConfigurationIsVisible = 0;
			defaultConfigurationName = Release;
		};
		60B2D6F128589DE0000A9D43 /* Build configuration list for PBXNativeTarget "YoutubeTask" */ = {
			isa = XCConfigurationList;
			buildConfigurations = (
				60B2D6F228589DE0000A9D43 /* Debug */,
				60B2D6F328589DE0000A9D43 /* Release */,
			);
			defaultConfigurationIsVisible = 0;
			defaultConfigurationName = Release;
		};
/* End XCConfigurationList section */
	};
	rootObject = 60B2D6D528589DDE000A9D43 /* Project object */;
}
